// !$*UTF8*$!
{
	archiveVersion = 1;
	classes = {
	};
	objectVersion = 51;
	objects = {

/* Begin PBXBuildFile section */
		52311413D4A3408A6E8985C1 /* Pods_Instagram.framework in Frameworks */ = {isa = PBXBuildFile; fileRef = 11101826DC29A109D8495EEA /* Pods_Instagram.framework */; };
		7F3C806823CB4BE1000FD0D4 /* AppDelegate.swift in Sources */ = {isa = PBXBuildFile; fileRef = 7F3C806723CB4BE1000FD0D4 /* AppDelegate.swift */; };
		7F3C806A23CB4BE1000FD0D4 /* SceneDelegate.swift in Sources */ = {isa = PBXBuildFile; fileRef = 7F3C806923CB4BE1000FD0D4 /* SceneDelegate.swift */; };
		7F3C806F23CB4BE1000FD0D4 /* Main.storyboard in Resources */ = {isa = PBXBuildFile; fileRef = 7F3C806D23CB4BE1000FD0D4 /* Main.storyboard */; };
		7F3C807123CB4BE4000FD0D4 /* Assets.xcassets in Resources */ = {isa = PBXBuildFile; fileRef = 7F3C807023CB4BE4000FD0D4 /* Assets.xcassets */; };
		7F3C807423CB4BE4000FD0D4 /* LaunchScreen.storyboard in Resources */ = {isa = PBXBuildFile; fileRef = 7F3C807223CB4BE4000FD0D4 /* LaunchScreen.storyboard */; };
		7F3C807C23CB4C98000FD0D4 /* LoginViewController.swift in Sources */ = {isa = PBXBuildFile; fileRef = 7F3C807B23CB4C98000FD0D4 /* LoginViewController.swift */; };
		7F3C807E23CB4CC5000FD0D4 /* HomeViewController.swift in Sources */ = {isa = PBXBuildFile; fileRef = 7F3C807D23CB4CC5000FD0D4 /* HomeViewController.swift */; };
		7F3C808023CB4CF5000FD0D4 /* ImageSelectViewController.swift in Sources */ = {isa = PBXBuildFile; fileRef = 7F3C807F23CB4CF5000FD0D4 /* ImageSelectViewController.swift */; };
		7F3C808223CB4D0C000FD0D4 /* PostViewController.swift in Sources */ = {isa = PBXBuildFile; fileRef = 7F3C808123CB4D0C000FD0D4 /* PostViewController.swift */; };
		7F3C808423CB4D45000FD0D4 /* SettingViewController.swift in Sources */ = {isa = PBXBuildFile; fileRef = 7F3C808323CB4D45000FD0D4 /* SettingViewController.swift */; };
		7F3C808623CC3CBD000FD0D4 /* TabBarController.swift in Sources */ = {isa = PBXBuildFile; fileRef = 7F3C808523CC3CBD000FD0D4 /* TabBarController.swift */; };
		7F3C808823CC85D8000FD0D4 /* GoogleService-Info.plist in Resources */ = {isa = PBXBuildFile; fileRef = 7F3C808723CC85D8000FD0D4 /* GoogleService-Info.plist */; };
		7F7D70D223D0552B00A49BD9 /* Const.swift in Sources */ = {isa = PBXBuildFile; fileRef = 7F7D70D123D0552B00A49BD9 /* Const.swift */; };
/* End PBXBuildFile section */

/* Begin PBXFileReference section */
		11101826DC29A109D8495EEA /* Pods_Instagram.framework */ = {isa = PBXFileReference; explicitFileType = wrapper.framework; includeInIndex = 0; path = Pods_Instagram.framework; sourceTree = BUILT_PRODUCTS_DIR; };
		6CB7BCCAE7CD61CA79893AC0 /* Pods-Instagram.release.xcconfig */ = {isa = PBXFileReference; includeInIndex = 1; lastKnownFileType = text.xcconfig; name = "Pods-Instagram.release.xcconfig"; path = "Target Support Files/Pods-Instagram/Pods-Instagram.release.xcconfig"; sourceTree = "<group>"; };
		7F3C806423CB4BE1000FD0D4 /* Instagram.app */ = {isa = PBXFileReference; explicitFileType = wrapper.application; includeInIndex = 0; path = Instagram.app; sourceTree = BUILT_PRODUCTS_DIR; };
		7F3C806723CB4BE1000FD0D4 /* AppDelegate.swift */ = {isa = PBXFileReference; lastKnownFileType = sourcecode.swift; path = AppDelegate.swift; sourceTree = "<group>"; };
		7F3C806923CB4BE1000FD0D4 /* SceneDelegate.swift */ = {isa = PBXFileReference; lastKnownFileType = sourcecode.swift; path = SceneDelegate.swift; sourceTree = "<group>"; };
		7F3C806E23CB4BE1000FD0D4 /* Base */ = {isa = PBXFileReference; lastKnownFileType = file.storyboard; name = Base; path = Base.lproj/Main.storyboard; sourceTree = "<group>"; };
		7F3C807023CB4BE4000FD0D4 /* Assets.xcassets */ = {isa = PBXFileReference; lastKnownFileType = folder.assetcatalog; path = Assets.xcassets; sourceTree = "<group>"; };
		7F3C807323CB4BE4000FD0D4 /* Base */ = {isa = PBXFileReference; lastKnownFileType = file.storyboard; name = Base; path = Base.lproj/LaunchScreen.storyboard; sourceTree = "<group>"; };
		7F3C807523CB4BE4000FD0D4 /* Info.plist */ = {isa = PBXFileReference; lastKnownFileType = text.plist.xml; path = Info.plist; sourceTree = "<group>"; };
		7F3C807B23CB4C98000FD0D4 /* LoginViewController.swift */ = {isa = PBXFileReference; lastKnownFileType = sourcecode.swift; path = LoginViewController.swift; sourceTree = "<group>"; };
		7F3C807D23CB4CC5000FD0D4 /* HomeViewController.swift */ = {isa = PBXFileReference; lastKnownFileType = sourcecode.swift; path = HomeViewController.swift; sourceTree = "<group>"; };
		7F3C807F23CB4CF5000FD0D4 /* ImageSelectViewController.swift */ = {isa = PBXFileReference; lastKnownFileType = sourcecode.swift; path = ImageSelectViewController.swift; sourceTree = "<group>"; };
		7F3C808123CB4D0C000FD0D4 /* PostViewController.swift */ = {isa = PBXFileReference; lastKnownFileType = sourcecode.swift; path = PostViewController.swift; sourceTree = "<group>"; };
		7F3C808323CB4D45000FD0D4 /* SettingViewController.swift */ = {isa = PBXFileReference; lastKnownFileType = sourcecode.swift; path = SettingViewController.swift; sourceTree = "<group>"; };
		7F3C808523CC3CBD000FD0D4 /* TabBarController.swift */ = {isa = PBXFileReference; lastKnownFileType = sourcecode.swift; path = TabBarController.swift; sourceTree = "<group>"; };
		7F3C808723CC85D8000FD0D4 /* GoogleService-Info.plist */ = {isa = PBXFileReference; fileEncoding = 4; lastKnownFileType = text.plist.xml; path = "GoogleService-Info.plist"; sourceTree = "<group>"; };
		7F7D70D123D0552B00A49BD9 /* Const.swift */ = {isa = PBXFileReference; lastKnownFileType = sourcecode.swift; path = Const.swift; sourceTree = "<group>"; };
		AF44F1D3D03F72993B294219 /* Pods-Instagram.debug.xcconfig */ = {isa = PBXFileReference; includeInIndex = 1; lastKnownFileType = text.xcconfig; name = "Pods-Instagram.debug.xcconfig"; path = "Target Support Files/Pods-Instagram/Pods-Instagram.debug.xcconfig"; sourceTree = "<group>"; };
/* End PBXFileReference section */

/* Begin PBXFrameworksBuildPhase section */
		7F3C806123CB4BE1000FD0D4 /* Frameworks */ = {
			isa = PBXFrameworksBuildPhase;
			buildActionMask = 2147483647;
			files = (
				52311413D4A3408A6E8985C1 /* Pods_Instagram.framework in Frameworks */,
			);
			runOnlyForDeploymentPostprocessing = 0;
		};
/* End PBXFrameworksBuildPhase section */

/* Begin PBXGroup section */
		4C555E9A484950F5B30EC89B /* Frameworks */ = {
			isa = PBXGroup;
			children = (
				11101826DC29A109D8495EEA /* Pods_Instagram.framework */,
			);
			name = Frameworks;
			sourceTree = "<group>";
		};
		7F3C805B23CB4BE1000FD0D4 = {
			isa = PBXGroup;
			children = (
				7F3C806623CB4BE1000FD0D4 /* Instagram */,
				7F3C806523CB4BE1000FD0D4 /* Products */,
				D8E79AF14AA1CA0041B4208E /* Pods */,
				4C555E9A484950F5B30EC89B /* Frameworks */,
			);
			sourceTree = "<group>";
		};
		7F3C806523CB4BE1000FD0D4 /* Products */ = {
			isa = PBXGroup;
			children = (
				7F3C806423CB4BE1000FD0D4 /* Instagram.app */,
			);
			name = Products;
			sourceTree = "<group>";
		};
		7F3C806623CB4BE1000FD0D4 /* Instagram */ = {
			isa = PBXGroup;
			children = (
				7F3C806723CB4BE1000FD0D4 /* AppDelegate.swift */,
				7F3C806923CB4BE1000FD0D4 /* SceneDelegate.swift */,
				7F3C807B23CB4C98000FD0D4 /* LoginViewController.swift */,
				7F3C807D23CB4CC5000FD0D4 /* HomeViewController.swift */,
				7F3C807F23CB4CF5000FD0D4 /* ImageSelectViewController.swift */,
				7F3C808123CB4D0C000FD0D4 /* PostViewController.swift */,
				7F3C808323CB4D45000FD0D4 /* SettingViewController.swift */,
				7F3C808523CC3CBD000FD0D4 /* TabBarController.swift */,
				7F3C806D23CB4BE1000FD0D4 /* Main.storyboard */,
				7F3C807023CB4BE4000FD0D4 /* Assets.xcassets */,
				7F3C807223CB4BE4000FD0D4 /* LaunchScreen.storyboard */,
				7F3C807523CB4BE4000FD0D4 /* Info.plist */,
				7F3C808723CC85D8000FD0D4 /* GoogleService-Info.plist */,
				7F7D70D123D0552B00A49BD9 /* Const.swift */,
			);
			path = Instagram;
			sourceTree = "<group>";
		};
		D8E79AF14AA1CA0041B4208E /* Pods */ = {
			isa = PBXGroup;
			children = (
				AF44F1D3D03F72993B294219 /* Pods-Instagram.debug.xcconfig */,
				6CB7BCCAE7CD61CA79893AC0 /* Pods-Instagram.release.xcconfig */,
			);
			path = Pods;
			sourceTree = "<group>";
		};
/* End PBXGroup section */

/* Begin PBXNativeTarget section */
		7F3C806323CB4BE1000FD0D4 /* Instagram */ = {
			isa = PBXNativeTarget;
			buildConfigurationList = 7F3C807823CB4BE4000FD0D4 /* Build configuration list for PBXNativeTarget "Instagram" */;
			buildPhases = (
				9EDD89797792B86062220BE3 /* [CP] Check Pods Manifest.lock */,
				7F3C806023CB4BE1000FD0D4 /* Sources */,
				7F3C806123CB4BE1000FD0D4 /* Frameworks */,
				7F3C806223CB4BE1000FD0D4 /* Resources */,
				2BB893C8983104BB4F611651 /* [CP] Embed Pods Frameworks */,
			);
			buildRules = (
			);
			dependencies = (
			);
			name = Instagram;
			productName = Instagram;
			productReference = 7F3C806423CB4BE1000FD0D4 /* Instagram.app */;
			productType = "com.apple.product-type.application";
		};
/* End PBXNativeTarget section */

/* Begin PBXProject section */
		7F3C805C23CB4BE1000FD0D4 /* Project object */ = {
			isa = PBXProject;
			attributes = {
				LastSwiftUpdateCheck = 1110;
				LastUpgradeCheck = 1110;
				ORGANIZATIONNAME = yutaka.ito4;
				TargetAttributes = {
					7F3C806323CB4BE1000FD0D4 = {
						CreatedOnToolsVersion = 11.1;
					};
				};
			};
			buildConfigurationList = 7F3C805F23CB4BE1000FD0D4 /* Build configuration list for PBXProject "Instagram" */;
			compatibilityVersion = "Xcode 9.3";
			developmentRegion = en;
			hasScannedForEncodings = 0;
			knownRegions = (
				en,
				Base,
			);
			mainGroup = 7F3C805B23CB4BE1000FD0D4;
			productRefGroup = 7F3C806523CB4BE1000FD0D4 /* Products */;
			projectDirPath = "";
			projectRoot = "";
			targets = (
				7F3C806323CB4BE1000FD0D4 /* Instagram */,
			);
		};
/* End PBXProject section */

/* Begin PBXResourcesBuildPhase section */
		7F3C806223CB4BE1000FD0D4 /* Resources */ = {
			isa = PBXResourcesBuildPhase;
			buildActionMask = 2147483647;
			files = (
				7F3C807423CB4BE4000FD0D4 /* LaunchScreen.storyboard in Resources */,
				7F3C808823CC85D8000FD0D4 /* GoogleService-Info.plist in Resources */,
				7F3C807123CB4BE4000FD0D4 /* Assets.xcassets in Resources */,
				7F3C806F23CB4BE1000FD0D4 /* Main.storyboard in Resources */,
			);
			runOnlyForDeploymentPostprocessing = 0;
		};
/* End PBXResourcesBuildPhase section */

/* Begin PBXShellScriptBuildPhase section */
		2BB893C8983104BB4F611651 /* [CP] Embed Pods Frameworks */ = {
			isa = PBXShellScriptBuildPhase;
			buildActionMask = 2147483647;
			files = (
			);
			inputFileListPaths = (
				"${PODS_ROOT}/Target Support Files/Pods-Instagram/Pods-Instagram-frameworks-${CONFIGURATION}-input-files.xcfilelist",
			);
			name = "[CP] Embed Pods Frameworks";
			outputFileListPaths = (
				"${PODS_ROOT}/Target Support Files/Pods-Instagram/Pods-Instagram-frameworks-${CONFIGURATION}-output-files.xcfilelist",
			);
			runOnlyForDeploymentPostprocessing = 0;
			shellPath = /bin/sh;
			shellScript = "\"${PODS_ROOT}/Target Support Files/Pods-Instagram/Pods-Instagram-frameworks.sh\"\n";
			showEnvVarsInLog = 0;
		};
		9EDD89797792B86062220BE3 /* [CP] Check Pods Manifest.lock */ = {
			isa = PBXShellScriptBuildPhase;
			buildActionMask = 2147483647;
			files = (
			);
			inputFileListPaths = (
			);
			inputPaths = (
				"${PODS_PODFILE_DIR_PATH}/Podfile.lock",
				"${PODS_ROOT}/Manifest.lock",
			);
			name = "[CP] Check Pods Manifest.lock";
			outputFileListPaths = (
			);
			outputPaths = (
				"$(DERIVED_FILE_DIR)/Pods-Instagram-checkManifestLockResult.txt",
			);
			runOnlyForDeploymentPostprocessing = 0;
			shellPath = /bin/sh;
			shellScript = "diff \"${PODS_PODFILE_DIR_PATH}/Podfile.lock\" \"${PODS_ROOT}/Manifest.lock\" > /dev/null\nif [ $? != 0 ] ; then\n    # print error to STDERR\n    echo \"error: The sandbox is not in sync with the Podfile.lock. Run 'pod install' or update your CocoaPods installation.\" >&2\n    exit 1\nfi\n# This output is used by Xcode 'outputs' to avoid re-running this script phase.\necho \"SUCCESS\" > \"${SCRIPT_OUTPUT_FILE_0}\"\n";
			showEnvVarsInLog = 0;
		};
/* End PBXShellScriptBuildPhase section */

/* Begin PBXSourcesBuildPhase section */
		7F3C806023CB4BE1000FD0D4 /* Sources */ = {
			isa = PBXSourcesBuildPhase;
			buildActionMask = 2147483647;
			files = (
				7F3C808023CB4CF5000FD0D4 /* ImageSelectViewController.swift in Sources */,
				7F3C807E23CB4CC5000FD0D4 /* HomeViewController.swift in Sources */,
				7F3C808223CB4D0C000FD0D4 /* PostViewController.swift in Sources */,
				7F3C808423CB4D45000FD0D4 /* SettingViewController.swift in Sources */,
				7F3C807C23CB4C98000FD0D4 /* LoginViewController.swift in Sources */,
				7F3C806823CB4BE1000FD0D4 /* AppDelegate.swift in Sources */,
				7F3C808623CC3CBD000FD0D4 /* TabBarController.swift in Sources */,
				7F3C806A23CB4BE1000FD0D4 /* SceneDelegate.swift in Sources */,
				7F7D70D223D0552B00A49BD9 /* Const.swift in Sources */,
			);
			runOnlyForDeploymentPostprocessing = 0;
		};
/* End PBXSourcesBuildPhase section */

/* Begin PBXVariantGroup section */
		7F3C806D23CB4BE1000FD0D4 /* Main.storyboard */ = {
			isa = PBXVariantGroup;
			children = (
				7F3C806E23CB4BE1000FD0D4 /* Base */,
			);
			name = Main.storyboard;
			sourceTree = "<group>";
		};
		7F3C807223CB4BE4000FD0D4 /* LaunchScreen.storyboard */ = {
			isa = PBXVariantGroup;
			children = (
				7F3C807323CB4BE4000FD0D4 /* Base */,
			);
			name = LaunchScreen.storyboard;
			sourceTree = "<group>";
		};
/* End PBXVariantGroup section */

/* Begin XCBuildConfiguration section */
		7F3C807623CB4BE4000FD0D4 /* Debug */ = {
			isa = XCBuildConfiguration;
			buildSettings = {
				ALWAYS_SEARCH_USER_PATHS = NO;
				CLANG_ANALYZER_NONNULL = YES;
				CLANG_ANALYZER_NUMBER_OBJECT_CONVERSION = YES_AGGRESSIVE;
				CLANG_CXX_LANGUAGE_STANDARD = "gnu++14";
				CLANG_CXX_LIBRARY = "libc++";
				CLANG_ENABLE_MODULES = YES;
				CLANG_ENABLE_OBJC_ARC = YES;
				CLANG_ENABLE_OBJC_WEAK = YES;
				CLANG_WARN_BLOCK_CAPTURE_AUTORELEASING = YES;
				CLANG_WARN_BOOL_CONVERSION = YES;
				CLANG_WARN_COMMA = YES;
				CLANG_WARN_CONSTANT_CONVERSION = YES;
				CLANG_WARN_DEPRECATED_OBJC_IMPLEMENTATIONS = YES;
				CLANG_WARN_DIRECT_OBJC_ISA_USAGE = YES_ERROR;
				CLANG_WARN_DOCUMENTATION_COMMENTS = YES;
				CLANG_WARN_EMPTY_BODY = YES;
				CLANG_WARN_ENUM_CONVERSION = YES;
				CLANG_WARN_INFINITE_RECURSION = YES;
				CLANG_WARN_INT_CONVERSION = YES;
				CLANG_WARN_NON_LITERAL_NULL_CONVERSION = YES;
				CLANG_WARN_OBJC_IMPLICIT_RETAIN_SELF = YES;
				CLANG_WARN_OBJC_LITERAL_CONVERSION = YES;
				CLANG_WARN_OBJC_ROOT_CLASS = YES_ERROR;
				CLANG_WARN_RANGE_LOOP_ANALYSIS = YES;
				CLANG_WARN_STRICT_PROTOTYPES = YES;
				CLANG_WARN_SUSPICIOUS_MOVE = YES;
				CLANG_WARN_UNGUARDED_AVAILABILITY = YES_AGGRESSIVE;
				CLANG_WARN_UNREACHABLE_CODE = YES;
				CLANG_WARN__DUPLICATE_METHOD_MATCH = YES;
				COPY_PHASE_STRIP = NO;
				DEBUG_INFORMATION_FORMAT = dwarf;
				ENABLE_STRICT_OBJC_MSGSEND = YES;
				ENABLE_TESTABILITY = YES;
				GCC_C_LANGUAGE_STANDARD = gnu11;
				GCC_DYNAMIC_NO_PIC = NO;
				GCC_NO_COMMON_BLOCKS = YES;
				GCC_OPTIMIZATION_LEVEL = 0;
				GCC_PREPROCESSOR_DEFINITIONS = (
					"DEBUG=1",
					"$(inherited)",
				);
				GCC_WARN_64_TO_32_BIT_CONVERSION = YES;
				GCC_WARN_ABOUT_RETURN_TYPE = YES_ERROR;
				GCC_WARN_UNDECLARED_SELECTOR = YES;
				GCC_WARN_UNINITIALIZED_AUTOS = YES_AGGRESSIVE;
				GCC_WARN_UNUSED_FUNCTION = YES;
				GCC_WARN_UNUSED_VARIABLE = YES;
				IPHONEOS_DEPLOYMENT_TARGET = 13.1;
				MTL_ENABLE_DEBUG_INFO = INCLUDE_SOURCE;
				MTL_FAST_MATH = YES;
				ONLY_ACTIVE_ARCH = YES;
				SDKROOT = iphoneos;
				SWIFT_ACTIVE_COMPILATION_CONDITIONS = DEBUG;
				SWIFT_OPTIMIZATION_LEVEL = "-Onone";
			};
			name = Debug;
		};
		7F3C807723CB4BE4000FD0D4 /* Release */ = {
			isa = XCBuildConfiguration;
			buildSettings = {
				ALWAYS_SEARCH_USER_PATHS = NO;
				CLANG_ANALYZER_NONNULL = YES;
				CLANG_ANALYZER_NUMBER_OBJECT_CONVERSION = YES_AGGRESSIVE;
				CLANG_CXX_LANGUAGE_STANDARD = "gnu++14";
				CLANG_CXX_LIBRARY = "libc++";
				CLANG_ENABLE_MODULES = YES;
				CLANG_ENABLE_OBJC_ARC = YES;
				CLANG_ENABLE_OBJC_WEAK = YES;
				CLANG_WARN_BLOCK_CAPTURE_AUTORELEASING = YES;
				CLANG_WARN_BOOL_CONVERSION = YES;
				CLANG_WARN_COMMA = YES;
				CLANG_WARN_CONSTANT_CONVERSION = YES;
				CLANG_WARN_DEPRECATED_OBJC_IMPLEMENTATIONS = YES;
				CLANG_WARN_DIRECT_OBJC_ISA_USAGE = YES_ERROR;
				CLANG_WARN_DOCUMENTATION_COMMENTS = YES;
				CLANG_WARN_EMPTY_BODY = YES;
				CLANG_WARN_ENUM_CONVERSION = YES;
				CLANG_WARN_INFINITE_RECURSION = YES;
				CLANG_WARN_INT_CONVERSION = YES;
				CLANG_WARN_NON_LITERAL_NULL_CONVERSION = YES;
				CLANG_WARN_OBJC_IMPLICIT_RETAIN_SELF = YES;
				CLANG_WARN_OBJC_LITERAL_CONVERSION = YES;
				CLANG_WARN_OBJC_ROOT_CLASS = YES_ERROR;
				CLANG_WARN_RANGE_LOOP_ANALYSIS = YES;
				CLANG_WARN_STRICT_PROTOTYPES = YES;
				CLANG_WARN_SUSPICIOUS_MOVE = YES;
				CLANG_WARN_UNGUARDED_AVAILABILITY = YES_AGGRESSIVE;
				CLANG_WARN_UNREACHABLE_CODE = YES;
				CLANG_WARN__DUPLICATE_METHOD_MATCH = YES;
				COPY_PHASE_STRIP = NO;
				DEBUG_INFORMATION_FORMAT = "dwarf-with-dsym";
				ENABLE_NS_ASSERTIONS = NO;
				ENABLE_STRICT_OBJC_MSGSEND = YES;
				GCC_C_LANGUAGE_STANDARD = gnu11;
				GCC_NO_COMMON_BLOCKS = YES;
				GCC_WARN_64_TO_32_BIT_CONVERSION = YES;
				GCC_WARN_ABOUT_RETURN_TYPE = YES_ERROR;
				GCC_WARN_UNDECLARED_SELECTOR = YES;
				GCC_WARN_UNINITIALIZED_AUTOS = YES_AGGRESSIVE;
				GCC_WARN_UNUSED_FUNCTION = YES;
				GCC_WARN_UNUSED_VARIABLE = YES;
				IPHONEOS_DEPLOYMENT_TARGET = 13.1;
				MTL_ENABLE_DEBUG_INFO = NO;
				MTL_FAST_MATH = YES;
				SDKROOT = iphoneos;
				SWIFT_COMPILATION_MODE = wholemodule;
				SWIFT_OPTIMIZATION_LEVEL = "-O";
				VALIDATE_PRODUCT = YES;
			};
			name = Release;
		};
		7F3C807923CB4BE4000FD0D4 /* Debug */ = {
			isa = XCBuildConfiguration;
			baseConfigurationReference = AF44F1D3D03F72993B294219 /* Pods-Instagram.debug.xcconfig */;
			buildSettings = {
				ASSETCATALOG_COMPILER_APPICON_NAME = AppIcon;
				CODE_SIGN_STYLE = Automatic;
				DEVELOPMENT_TEAM = 72293LPB74;
				INFOPLIST_FILE = Instagram/Info.plist;
				LD_RUNPATH_SEARCH_PATHS = (
					"$(inherited)",
					"@executable_path/Frameworks",
				);
				PRODUCT_BUNDLE_IDENTIFIER = jp.techacademy.yutaka.ito4.Instagram;
				PRODUCT_NAME = "$(TARGET_NAME)";
				SWIFT_VERSION = 5.0;
				TARGETED_DEVICE_FAMILY = 1;
			};
			name = Debug;
		};
		7F3C807A23CB4BE4000FD0D4 /* Release */ = {
			isa = XCBuildConfiguration;
			baseConfigurationReference = 6CB7BCCAE7CD61CA79893AC0 /* Pods-Instagram.release.xcconfig */;
			buildSettings = {
				ASSETCATALOG_COMPILER_APPICON_NAME = AppIcon;
				CODE_SIGN_STYLE = Automatic;
				DEVELOPMENT_TEAM = 72293LPB74;
				INFOPLIST_FILE = Instagram/Info.plist;
				LD_RUNPATH_SEARCH_PATHS = (
					"$(inherited)",
					"@executable_path/Frameworks",
				);
				PRODUCT_BUNDLE_IDENTIFIER = jp.techacademy.yutaka.ito4.Instagram;
				PRODUCT_NAME = "$(TARGET_NAME)";
				SWIFT_VERSION = 5.0;
				TARGETED_DEVICE_FAMILY = 1;
			};
			name = Release;
		};
/* End XCBuildConfiguration section */

/* Begin XCConfigurationList section */
		7F3C805F23CB4BE1000FD0D4 /* Build configuration list for PBXProject "Instagram" */ = {
			isa = XCConfigurationList;
			buildConfigurations = (
				7F3C807623CB4BE4000FD0D4 /* Debug */,
				7F3C807723CB4BE4000FD0D4 /* Release */,
			);
			defaultConfigurationIsVisible = 0;
			defaultConfigurationName = Release;
		};
		7F3C807823CB4BE4000FD0D4 /* Build configuration list for PBXNativeTarget "Instagram" */ = {
			isa = XCConfigurationList;
			buildConfigurations = (
				7F3C807923CB4BE4000FD0D4 /* Debug */,
				7F3C807A23CB4BE4000FD0D4 /* Release */,
			);
			defaultConfigurationIsVisible = 0;
			defaultConfigurationName = Release;
		};
/* End XCConfigurationList section */
	};
	rootObject = 7F3C805C23CB4BE1000FD0D4 /* Project object */;
}
